{
  "nodes": {
    "crane": {
      "flake": false,
      "locked": {
        "lastModified": 1752625801,
        "narHash": "sha256-T1XWEFfw+iNrvlRczZS4BkaZJ5W3Z2Xp+31P2IShJj8=",
        "owner": "ipetkov",
        "repo": "crane",
        "rev": "471f8cd756349f4e86784ea10fdc9ccb91711fca",
        "type": "github"
      },
      "original": {
        "owner": "ipetkov",
        "ref": "master",
        "repo": "crane",
        "type": "github"
      }
    },
    "fenix": {
      "flake": false,
      "locked": {
        "lastModified": 1752734526,
        "narHash": "sha256-OIg7NwrqyYJVpXJdDgaagIzM0dtc4GghdncUrUsCgT8=",
        "owner": "nix-community",
        "repo": "fenix",
        "rev": "f1526533e3a59a666dbae99594c9d29b201f302d",
        "type": "github"
      },
      "original": {
        "owner": "nix-community",
        "ref": "main",
        "repo": "fenix",
        "type": "github"
      }
    },
    "flake-compat": {
      "flake": false,
      "locked": {
        "lastModified": 1751685974,
        "narHash": "sha256-NKw96t+BgHIYzHUjkTK95FqYRVKB8DHpVhefWSz/kTw=",
        "ref": "main",
        "rev": "549f2762aebeff29a2e5ece7a7dc0f955281a1d1",
        "revCount": 92,
        "type": "git",
        "url": "https://git.lix.systems/lix-project/flake-compat"
      },
      "original": {
        "ref": "main",
        "type": "git",
        "url": "https://git.lix.systems/lix-project/flake-compat"
      }
    },
    "nixpkgs": {
      "flake": false,
      "locked": {
        "lastModified": 1752480373,
        "narHash": "sha256-JHQbm+OcGp32wAsXTE/FLYGNpb+4GLi5oTvCxwSoBOA=",
        "owner": "NixOS",
        "repo": "nixpkgs",
        "rev": "62e0f05ede1da0d54515d4ea8ce9c733f12d9f08",
        "type": "github"
      },
      "original": {
        "owner": "NixOS",
        "ref": "nixos-unstable",
        "repo": "nixpkgs",
        "type": "github"
      }
    },
    "root": {
      "inputs": {
        "crane": "crane",
        "fenix": "fenix",
        "flake-compat": "flake-compat",
        "nixpkgs": "nixpkgs",
        "sprinkles": "sprinkles"
      }
    },
    "sprinkles": {
      "flake": false,
      "locked": {
        "host": "gitlab.computer.surgery",
        "lastModified": 1740551846,
        "narHash": "sha256-VGW0i0i0FoJ3AnlEL3KD+n+weCBJUXr3wTRUBxNuRbA=",
        "owner": "charles",
        "repo": "sprinkles",
        "rev": "1442895346341dcab3d9b528a2a06a921a943aff",
        "type": "gitlab"
      },
      "original": {
        "host": "gitlab.computer.surgery",
        "owner": "charles",
        "ref": "v1",
        "repo": "sprinkles",
        "type": "gitlab"
      }
    }
  },
  "root": "root",
  "version": 7
}
