{
  "version": "1",
  "sources": {
    "crane": {
      "type": "Git",
      "fetchType": "git",
      "branch": "master",
      "revision": "b5090e53e9d68c523a4bb9ad42b4737ee6747597",
      "url": "https://github.com/ipetkov/crane",
      "hash": "sha256-nGBbXvEZVe/egCPVPFcu89RFtd8Rf6J+4RFoVCFec0A=",
      "lastModified": 1771438068,
      "submodules": false
    },
    "fenix": {
      "type": "Git",
      "fetchType": "git",
      "branch": "main",
      "revision": "2af8ae8bbe91833a54bd3b9cc24c326b66972a8e",
      "url": "https://github.com/nix-community/fenix",
      "hash": "sha256-eri4eY0fUouYxBgWxJAJzG+xTGXVI7VeNJGcJrqpEt0=",
      "lastModified": 1771743970,
      "submodules": false
    },
    "nixpkgs": {
      "type": "Git",
      "fetchType": "git",
      "branch": "nixos-unstable",
      "revision": "0182a361324364ae3f436a63005877674cf45efb",
      "url": "https://github.com/NixOS/nixpkgs",
      "hash": "sha256-0NBlEBKkN3lufyvFegY4TYv5mCNHbi5OmBDrzihbBMQ=",
      "lastModified": 1771369470,
      "submodules": false
    },
    "sprinkles": {
      "type": "Git",
      "fetchType": "git",
      "branch": "v1",
      "revision": "64f8d9fbdb463f80ab14f1e9835a1078f1e2d5e1",
      "url": "https://git.afnix.fr/sprinkles/sprinkles",
      "hash": "sha256-qGodxaCLyEQNifSi/ciVMswHO+9Y/blx+VobZg6ytWI=",
      "lastModified": 1766415640,
      "submodules": false
    }
  }
}
