{
  "version": "1",
  "sources": {
    "crane": {
      "type": "Git",
      "fetchType": "git",
      "branch": "master",
      "revision": "2fb033290bf6b23f226d4c8b32f7f7a16b043d7e",
      "url": "https://github.com/ipetkov/crane",
      "hash": "sha256-9/9ntI0D+HbN4G0TrK3KmHbTvwgswz7p8IEJsWyef8Q=",
      "lastModified": 1767744144,
      "submodules": false
    },
    "fenix": {
      "type": "Git",
      "fetchType": "git",
      "branch": "main",
      "revision": "fe000603ff8a5d950b5777d4c9053ee141bfde7f",
      "url": "https://github.com/nix-community/fenix",
      "hash": "sha256-VOnznspK/pGe72eWuxLS09Yk6cjAeCGnJmEo7erec9U=",
      "lastModified": 1768200657,
      "submodules": false
    },
    "nixpkgs": {
      "type": "Git",
      "fetchType": "git",
      "branch": "nixos-unstable",
      "revision": "ffbc9f8cbaacfb331b6017d5a5abb21a492c9a38",
      "url": "https://github.com/NixOS/nixpkgs",
      "hash": "sha256-1Sm77VfZh3mU0F5OqKABNLWxOuDeHIlcFjsXeeiPazs=",
      "lastModified": 1768127708,
      "submodules": false
    },
    "sprinkles": {
      "type": "Git",
      "fetchType": "git",
      "branch": "v1",
      "revision": "64f8d9fbdb463f80ab14f1e9835a1078f1e2d5e1",
      "url": "https://git.afnix.fr/sprinkles/sprinkles",
      "hash": "sha256-qGodxaCLyEQNifSi/ciVMswHO+9Y/blx+VobZg6ytWI=",
      "lastModified": 1766415640,
      "submodules": false
    }
  }
}
